
Microsoft Visual Studio Solution File, Format Version 12.00
# Visual Studio Version 17
VisualStudioVersion = 17.6.33815.320
MinimumVisualStudioVersion = 10.0.40219.1
Project("{FAE04EC0-301F-11D3-BF4B-00C04F79EFBC}") = "_devoir1", "_devoir1.csproj", "{197518F1-2928-4166-BE00-BCD19D394A39}"
EndProject
Global
	GlobalSection(SolutionConfigurationPlatforms) = preSolution
		Debug|Any CPU = Debug|Any CPU
		Release|Any CPU = Release|Any CPU
	EndGlobalSection
	GlobalSection(ProjectConfigurationPlatforms) = postSolution
		{197518F1-2928-4166-BE00-BCD19D394A39}.Debug|Any CPU.ActiveCfg = Debug|Any CPU
		{197518F1-2928-4166-BE00-BCD19D394A39}.Debug|Any CPU.Build.0 = Debug|Any CPU
		{197518F1-2928-4166-BE00-BCD19D394A39}.Release|Any CPU.ActiveCfg = Release|Any CPU
		{197518F1-2928-4166-BE00-BCD19D394A39}.Release|Any CPU.Build.0 = Release|Any CPU
	EndGlobalSection
	GlobalSection(SolutionProperties) = preSolution
		HideSolutionNode = FALSE
	EndGlobalSection
	GlobalSection(ExtensibilityGlobals) = postSolution
		SolutionGuid = {CD59D7B5-0B77-42FC-B333-D4157ADF542F}
	EndGlobalSection
EndGlobal
